
Microsoft Visual Studio Solution File, Format Version 12.00
# Visual Studio Version 16
VisualStudioVersion = 16.0.29424.173
MinimumVisualStudioVersion = 10.0.40219.1
Project("{FAE04EC0-301F-11D3-BF4B-00C04F79EFBC}") = "WebApplication1", "WebApplication1\WebApplication1.csproj", "{07ED56F4-8401-4B35-B194-5253161E9467}"
EndProject
Global
	GlobalSection(SolutionConfigurationPlatforms) = preSolution
		Debug|Any CPU = Debug|Any CPU
		Release|Any CPU = Release|Any CPU
	EndGlobalSection
	GlobalSection(ProjectConfigurationPlatforms) = postSolution
		{07ED56F4-8401-4B35-B194-5253161E9467}.Debug|Any CPU.ActiveCfg = Debug|Any CPU
		{07ED56F4-8401-4B35-B194-5253161E9467}.Debug|Any CPU.Build.0 = Debug|Any CPU
		{07ED56F4-8401-4B35-B194-5253161E9467}.Release|Any CPU.ActiveCfg = Release|Any CPU
		{07ED56F4-8401-4B35-B194-5253161E9467}.Release|Any CPU.Build.0 = Release|Any CPU
	EndGlobalSection
	GlobalSection(SolutionProperties) = preSolution
		HideSolutionNode = FALSE
	EndGlobalSection
	GlobalSection(ExtensibilityGlobals) = postSolution
		SolutionGuid = {108B1F6A-3BEA-4B76-953A-89D37A2AC028}
	EndGlobalSection
EndGlobal
